# This file is @generated by PDM.
# It is not intended for manual editing.

[metadata]
groups = ["default"]
strategy = ["inherit_metadata"]
lock_version = "4.5.0"
content_hash = "sha256:5c50723b76af70caa883be4d635cbcba389a92a66c7b2c0a82440f7e65e44cfa"

[[metadata.targets]]
requires_python = ">=3.12"

[[package]]
name = "isort"
version = "6.0.1"
requires_python = ">=3.9.0"
summary = "A Python utility / library to sort Python imports."
groups = ["default"]
files = [
    {file = "isort-6.0.1-py3-none-any.whl", hash = "sha256:2dc5d7f65c9678d94c88dfc29161a320eec67328bc97aad576874cb4be1e9615"},
    {file = "isort-6.0.1.tar.gz", hash = "sha256:1cb5df28dfbc742e490c5e41bad6da41b805b0a8be7bc93cd0fb2a8a890ac450"},
]
